
Microsoft Visual Studio Solution File, Format Version 12.00
# Visual Studio Version 17
VisualStudioVersion = 17.7.34221.43
MinimumVisualStudioVersion = 10.0.40219.1
Project("{FAE04EC0-301F-11D3-BF4B-00C04F79EFBC}") = "LibraryManagementSystem", "LibraryManagementSystem\LibraryManagementSystem.csproj", "{ADE58490-EF61-496F-9972-432F28D51A18}"
EndProject
Global
	GlobalSection(SolutionConfigurationPlatforms) = preSolution
		Debug|Any CPU = Debug|Any CPU
		Release|Any CPU = Release|Any CPU
	EndGlobalSection
	GlobalSection(ProjectConfigurationPlatforms) = postSolution
		{ADE58490-EF61-496F-9972-432F28D51A18}.Debug|Any CPU.ActiveCfg = Debug|Any CPU
		{ADE58490-EF61-496F-9972-432F28D51A18}.Debug|Any CPU.Build.0 = Debug|Any CPU
		{ADE58490-EF61-496F-9972-432F28D51A18}.Release|Any CPU.ActiveCfg = Release|Any CPU
		{ADE58490-EF61-496F-9972-432F28D51A18}.Release|Any CPU.Build.0 = Release|Any CPU
	EndGlobalSection
	GlobalSection(SolutionProperties) = preSolution
		HideSolutionNode = FALSE
	EndGlobalSection
	GlobalSection(ExtensibilityGlobals) = postSolution
		SolutionGuid = {50764F51-1EC0-4551-AF8C-B65EE7ED5C3D}
	EndGlobalSection
EndGlobal
